
Microsoft Visual Studio Solution File, Format Version 12.00
# Visual Studio Version 17
VisualStudioVersion = 17.0.31903.59
MinimumVisualStudioVersion = 10.0.40219.1
Project("{2150E333-8FDC-42A3-9474-1A3956D46DE8}") = "src", "src", "{420CDF13-AEF9-4B15-B786-0A898C97B938}"
EndProject
Project("{FAE04EC0-301F-11D3-BF4B-00C04F79EFBC}") = "ProductCatalogue.Api", "src\ProductCatalogue.Api\ProductCatalogue.Api.csproj", "{573B526A-7C9B-4031-978C-6E1D3A6FBBA7}"
EndProject
Project("{2150E333-8FDC-42A3-9474-1A3956D46DE8}") = "tests", "tests", "{425453C1-B946-46B1-8520-14A93C677B21}"
EndProject
Project("{FAE04EC0-301F-11D3-BF4B-00C04F79EFBC}") = "ProductCatalogue.IntegrationTests", "tests\ProductCatalogue.IntegrationTests\ProductCatalogue.IntegrationTests.csproj", "{0B1C3B38-B92C-486D-A70D-52C731F2F2F9}"
EndProject
Global
	GlobalSection(SolutionConfigurationPlatforms) = preSolution
		Debug|Any CPU = Debug|Any CPU
		Release|Any CPU = Release|Any CPU
	EndGlobalSection
	GlobalSection(SolutionProperties) = preSolution
		HideSolutionNode = FALSE
	EndGlobalSection
	GlobalSection(ProjectConfigurationPlatforms) = postSolution
		{573B526A-7C9B-4031-978C-6E1D3A6FBBA7}.Debug|Any CPU.ActiveCfg = Debug|Any CPU
		{573B526A-7C9B-4031-978C-6E1D3A6FBBA7}.Debug|Any CPU.Build.0 = Debug|Any CPU
		{573B526A-7C9B-4031-978C-6E1D3A6FBBA7}.Release|Any CPU.ActiveCfg = Release|Any CPU
		{573B526A-7C9B-4031-978C-6E1D3A6FBBA7}.Release|Any CPU.Build.0 = Release|Any CPU
		{0B1C3B38-B92C-486D-A70D-52C731F2F2F9}.Debug|Any CPU.ActiveCfg = Debug|Any CPU
		{0B1C3B38-B92C-486D-A70D-52C731F2F2F9}.Debug|Any CPU.Build.0 = Debug|Any CPU
		{0B1C3B38-B92C-486D-A70D-52C731F2F2F9}.Release|Any CPU.ActiveCfg = Release|Any CPU
		{0B1C3B38-B92C-486D-A70D-52C731F2F2F9}.Release|Any CPU.Build.0 = Release|Any CPU
	EndGlobalSection
	GlobalSection(NestedProjects) = preSolution
		{573B526A-7C9B-4031-978C-6E1D3A6FBBA7} = {420CDF13-AEF9-4B15-B786-0A898C97B938}
		{0B1C3B38-B92C-486D-A70D-52C731F2F2F9} = {425453C1-B946-46B1-8520-14A93C677B21}
	EndGlobalSection
EndGlobal
